// !$*UTF8*$!
{
	archiveVersion = 1;
	classes = {
	};
	objectVersion = 50;
	objects = {

/* Begin PBXBuildFile section */
		445720A425F53BCA0039DD79 /* SwiftUIToastManagerExampleApp.swift in Sources */ = {isa = PBXBuildFile; fileRef = 445720A325F53BCA0039DD79 /* SwiftUIToastManagerExampleApp.swift */; };
		445720A625F53BCA0039DD79 /* ContentView.swift in Sources */ = {isa = PBXBuildFile; fileRef = 445720A525F53BCA0039DD79 /* ContentView.swift */; };
		445720A825F53BCD0039DD79 /* Assets.xcassets in Resources */ = {isa = PBXBuildFile; fileRef = 445720A725F53BCD0039DD79 /* Assets.xcassets */; };
		445720AB25F53BCD0039DD79 /* Preview Assets.xcassets in Resources */ = {isa = PBXBuildFile; fileRef = 445720AA25F53BCD0039DD79 /* Preview Assets.xcassets */; };
		445720B425F53C150039DD79 /* SecondView.swift in Sources */ = {isa = PBXBuildFile; fileRef = 445720B325F53C150039DD79 /* SecondView.swift */; };
		445720B725F53C2A0039DD79 /* ThirdView.swift in Sources */ = {isa = PBXBuildFile; fileRef = 445720B625F53C2A0039DD79 /* ThirdView.swift */; };
		445720BE25F692B00039DD79 /* FourthView.swift in Sources */ = {isa = PBXBuildFile; fileRef = 445720BD25F692B00039DD79 /* FourthView.swift */; };
		494F96D5B0A0ED11423FEDB7 /* Pods_SwiftUIToastManagerExample.framework in Frameworks */ = {isa = PBXBuildFile; fileRef = 64EC26A387DD858CE6509BF8 /* Pods_SwiftUIToastManagerExample.framework */; };
/* End PBXBuildFile section */

/* Begin PBXFileReference section */
		445720A025F53BCA0039DD79 /* SwiftUIToastManagerExample.app */ = {isa = PBXFileReference; explicitFileType = wrapper.application; includeInIndex = 0; path = SwiftUIToastManagerExample.app; sourceTree = BUILT_PRODUCTS_DIR; };
		445720A325F53BCA0039DD79 /* SwiftUIToastManagerExampleApp.swift */ = {isa = PBXFileReference; lastKnownFileType = sourcecode.swift; path = SwiftUIToastManagerExampleApp.swift; sourceTree = "<group>"; };
		445720A525F53BCA0039DD79 /* ContentView.swift */ = {isa = PBXFileReference; lastKnownFileType = sourcecode.swift; path = ContentView.swift; sourceTree = "<group>"; };
		445720A725F53BCD0039DD79 /* Assets.xcassets */ = {isa = PBXFileReference; lastKnownFileType = folder.assetcatalog; path = Assets.xcassets; sourceTree = "<group>"; };
		445720AA25F53BCD0039DD79 /* Preview Assets.xcassets */ = {isa = PBXFileReference; lastKnownFileType = folder.assetcatalog; path = "Preview Assets.xcassets"; sourceTree = "<group>"; };
		445720AC25F53BCD0039DD79 /* Info.plist */ = {isa = PBXFileReference; lastKnownFileType = text.plist.xml; path = Info.plist; sourceTree = "<group>"; };
		445720B325F53C150039DD79 /* SecondView.swift */ = {isa = PBXFileReference; lastKnownFileType = sourcecode.swift; path = SecondView.swift; sourceTree = "<group>"; };
		445720B625F53C2A0039DD79 /* ThirdView.swift */ = {isa = PBXFileReference; lastKnownFileType = sourcecode.swift; path = ThirdView.swift; sourceTree = "<group>"; };
		445720BD25F692B00039DD79 /* FourthView.swift */ = {isa = PBXFileReference; lastKnownFileType = sourcecode.swift; path = FourthView.swift; sourceTree = "<group>"; };
		4644CE58A191030B2557E33F /* Pods-SwiftUIToastManagerExample.release.xcconfig */ = {isa = PBXFileReference; includeInIndex = 1; lastKnownFileType = text.xcconfig; name = "Pods-SwiftUIToastManagerExample.release.xcconfig"; path = "Target Support Files/Pods-SwiftUIToastManagerExample/Pods-SwiftUIToastManagerExample.release.xcconfig"; sourceTree = "<group>"; };
		64EC26A387DD858CE6509BF8 /* Pods_SwiftUIToastManagerExample.framework */ = {isa = PBXFileReference; explicitFileType = wrapper.framework; includeInIndex = 0; path = Pods_SwiftUIToastManagerExample.framework; sourceTree = BUILT_PRODUCTS_DIR; };
		C0B13413F926B86AD3750F1B /* Pods-SwiftUIToastManagerExample.debug.xcconfig */ = {isa = PBXFileReference; includeInIndex = 1; lastKnownFileType = text.xcconfig; name = "Pods-SwiftUIToastManagerExample.debug.xcconfig"; path = "Target Support Files/Pods-SwiftUIToastManagerExample/Pods-SwiftUIToastManagerExample.debug.xcconfig"; sourceTree = "<group>"; };
/* End PBXFileReference section */

/* Begin PBXFrameworksBuildPhase section */
		4457209D25F53BCA0039DD79 /* Frameworks */ = {
			isa = PBXFrameworksBuildPhase;
			buildActionMask = 2147483647;
			files = (
				494F96D5B0A0ED11423FEDB7 /* Pods_SwiftUIToastManagerExample.framework in Frameworks */,
			);
			runOnlyForDeploymentPostprocessing = 0;
		};
/* End PBXFrameworksBuildPhase section */

/* Begin PBXGroup section */
		22B5C31915D6BE4E981BFB1A /* Frameworks */ = {
			isa = PBXGroup;
			children = (
				64EC26A387DD858CE6509BF8 /* Pods_SwiftUIToastManagerExample.framework */,
			);
			name = Frameworks;
			sourceTree = "<group>";
		};
		4457209725F53BCA0039DD79 = {
			isa = PBXGroup;
			children = (
				445720A225F53BCA0039DD79 /* SwiftUIToastManagerExample */,
				445720A125F53BCA0039DD79 /* Products */,
				6CD108A8C7BA6A2EC16FAFA8 /* Pods */,
				22B5C31915D6BE4E981BFB1A /* Frameworks */,
			);
			sourceTree = "<group>";
		};
		445720A125F53BCA0039DD79 /* Products */ = {
			isa = PBXGroup;
			children = (
				445720A025F53BCA0039DD79 /* SwiftUIToastManagerExample.app */,
			);
			name = Products;
			sourceTree = "<group>";
		};
		445720A225F53BCA0039DD79 /* SwiftUIToastManagerExample */ = {
			isa = PBXGroup;
			children = (
				445720A325F53BCA0039DD79 /* SwiftUIToastManagerExampleApp.swift */,
				445720A525F53BCA0039DD79 /* ContentView.swift */,
				445720B325F53C150039DD79 /* SecondView.swift */,
				445720B625F53C2A0039DD79 /* ThirdView.swift */,
				445720BD25F692B00039DD79 /* FourthView.swift */,
				445720A725F53BCD0039DD79 /* Assets.xcassets */,
				445720AC25F53BCD0039DD79 /* Info.plist */,
				445720A925F53BCD0039DD79 /* Preview Content */,
			);
			path = SwiftUIToastManagerExample;
			sourceTree = "<group>";
		};
		445720A925F53BCD0039DD79 /* Preview Content */ = {
			isa = PBXGroup;
			children = (
				445720AA25F53BCD0039DD79 /* Preview Assets.xcassets */,
			);
			path = "Preview Content";
			sourceTree = "<group>";
		};
		6CD108A8C7BA6A2EC16FAFA8 /* Pods */ = {
			isa = PBXGroup;
			children = (
				C0B13413F926B86AD3750F1B /* Pods-SwiftUIToastManagerExample.debug.xcconfig */,
				4644CE58A191030B2557E33F /* Pods-SwiftUIToastManagerExample.release.xcconfig */,
			);
			name = Pods;
			path = Pods;
			sourceTree = "<group>";
		};
/* End PBXGroup section */

/* Begin PBXNativeTarget section */
		4457209F25F53BCA0039DD79 /* SwiftUIToastManagerExample */ = {
			isa = PBXNativeTarget;
			buildConfigurationList = 445720AF25F53BCD0039DD79 /* Build configuration list for PBXNativeTarget "SwiftUIToastManagerExample" */;
			buildPhases = (
				614919F96C53DA2C94F7B309 /* [CP] Check Pods Manifest.lock */,
				4457209C25F53BCA0039DD79 /* Sources */,
				4457209D25F53BCA0039DD79 /* Frameworks */,
				4457209E25F53BCA0039DD79 /* Resources */,
				26B3133C1CCF32A7016B03CA /* [CP] Embed Pods Frameworks */,
			);
			buildRules = (
			);
			dependencies = (
			);
			name = SwiftUIToastManagerExample;
			productName = SwiftUIToastManagerExample;
			productReference = 445720A025F53BCA0039DD79 /* SwiftUIToastManagerExample.app */;
			productType = "com.apple.product-type.application";
		};
/* End PBXNativeTarget section */

/* Begin PBXProject section */
		4457209825F53BCA0039DD79 /* Project object */ = {
			isa = PBXProject;
			attributes = {
				LastSwiftUpdateCheck = 1240;
				LastUpgradeCheck = 1240;
				TargetAttributes = {
					4457209F25F53BCA0039DD79 = {
						CreatedOnToolsVersion = 12.4;
					};
				};
			};
			buildConfigurationList = 4457209B25F53BCA0039DD79 /* Build configuration list for PBXProject "SwiftUIToastManagerExample" */;
			compatibilityVersion = "Xcode 9.3";
			developmentRegion = en;
			hasScannedForEncodings = 0;
			knownRegions = (
				en,
				Base,
			);
			mainGroup = 4457209725F53BCA0039DD79;
			productRefGroup = 445720A125F53BCA0039DD79 /* Products */;
			projectDirPath = "";
			projectRoot = "";
			targets = (
				4457209F25F53BCA0039DD79 /* SwiftUIToastManagerExample */,
			);
		};
/* End PBXProject section */

/* Begin PBXResourcesBuildPhase section */
		4457209E25F53BCA0039DD79 /* Resources */ = {
			isa = PBXResourcesBuildPhase;
			buildActionMask = 2147483647;
			files = (
				445720AB25F53BCD0039DD79 /* Preview Assets.xcassets in Resources */,
				445720A825F53BCD0039DD79 /* Assets.xcassets in Resources */,
			);
			runOnlyForDeploymentPostprocessing = 0;
		};
/* End PBXResourcesBuildPhase section */

/* Begin PBXShellScriptBuildPhase section */
		26B3133C1CCF32A7016B03CA /* [CP] Embed Pods Frameworks */ = {
			isa = PBXShellScriptBuildPhase;
			buildActionMask = 2147483647;
			files = (
			);
			inputFileListPaths = (
				"${PODS_ROOT}/Target Support Files/Pods-SwiftUIToastManagerExample/Pods-SwiftUIToastManagerExample-frameworks-${CONFIGURATION}-input-files.xcfilelist",
			);
			name = "[CP] Embed Pods Frameworks";
			outputFileListPaths = (
				"${PODS_ROOT}/Target Support Files/Pods-SwiftUIToastManagerExample/Pods-SwiftUIToastManagerExample-frameworks-${CONFIGURATION}-output-files.xcfilelist",
			);
			runOnlyForDeploymentPostprocessing = 0;
			shellPath = /bin/sh;
			shellScript = "\"${PODS_ROOT}/Target Support Files/Pods-SwiftUIToastManagerExample/Pods-SwiftUIToastManagerExample-frameworks.sh\"\n";
			showEnvVarsInLog = 0;
		};
		614919F96C53DA2C94F7B309 /* [CP] Check Pods Manifest.lock */ = {
			isa = PBXShellScriptBuildPhase;
			buildActionMask = 2147483647;
			files = (
			);
			inputFileListPaths = (
			);
			inputPaths = (
				"${PODS_PODFILE_DIR_PATH}/Podfile.lock",
				"${PODS_ROOT}/Manifest.lock",
			);
			name = "[CP] Check Pods Manifest.lock";
			outputFileListPaths = (
			);
			outputPaths = (
				"$(DERIVED_FILE_DIR)/Pods-SwiftUIToastManagerExample-checkManifestLockResult.txt",
			);
			runOnlyForDeploymentPostprocessing = 0;
			shellPath = /bin/sh;
			shellScript = "diff \"${PODS_PODFILE_DIR_PATH}/Podfile.lock\" \"${PODS_ROOT}/Manifest.lock\" > /dev/null\nif [ $? != 0 ] ; then\n    # print error to STDERR\n    echo \"error: The sandbox is not in sync with the Podfile.lock. Run 'pod install' or update your CocoaPods installation.\" >&2\n    exit 1\nfi\n# This output is used by Xcode 'outputs' to avoid re-running this script phase.\necho \"SUCCESS\" > \"${SCRIPT_OUTPUT_FILE_0}\"\n";
			showEnvVarsInLog = 0;
		};
/* End PBXShellScriptBuildPhase section */

/* Begin PBXSourcesBuildPhase section */
		4457209C25F53BCA0039DD79 /* Sources */ = {
			isa = PBXSourcesBuildPhase;
			buildActionMask = 2147483647;
			files = (
				445720B725F53C2A0039DD79 /* ThirdView.swift in Sources */,
				445720B425F53C150039DD79 /* SecondView.swift in Sources */,
				445720A625F53BCA0039DD79 /* ContentView.swift in Sources */,
				445720A425F53BCA0039DD79 /* SwiftUIToastManagerExampleApp.swift in Sources */,
				445720BE25F692B00039DD79 /* FourthView.swift in Sources */,
			);
			runOnlyForDeploymentPostprocessing = 0;
		};
/* End PBXSourcesBuildPhase section */

/* Begin XCBuildConfiguration section */
		445720AD25F53BCD0039DD79 /* Debug */ = {
			isa = XCBuildConfiguration;
			buildSettings = {
				ALWAYS_SEARCH_USER_PATHS = NO;
				CLANG_ANALYZER_NONNULL = YES;
				CLANG_ANALYZER_NUMBER_OBJECT_CONVERSION = YES_AGGRESSIVE;
				CLANG_CXX_LANGUAGE_STANDARD = "gnu++14";
				CLANG_CXX_LIBRARY = "libc++";
				CLANG_ENABLE_MODULES = YES;
				CLANG_ENABLE_OBJC_ARC = YES;
				CLANG_ENABLE_OBJC_WEAK = YES;
				CLANG_WARN_BLOCK_CAPTURE_AUTORELEASING = YES;
				CLANG_WARN_BOOL_CONVERSION = YES;
				CLANG_WARN_COMMA = YES;
				CLANG_WARN_CONSTANT_CONVERSION = YES;
				CLANG_WARN_DEPRECATED_OBJC_IMPLEMENTATIONS = YES;
				CLANG_WARN_DIRECT_OBJC_ISA_USAGE = YES_ERROR;
				CLANG_WARN_DOCUMENTATION_COMMENTS = YES;
				CLANG_WARN_EMPTY_BODY = YES;
				CLANG_WARN_ENUM_CONVERSION = YES;
				CLANG_WARN_INFINITE_RECURSION = YES;
				CLANG_WARN_INT_CONVERSION = YES;
				CLANG_WARN_NON_LITERAL_NULL_CONVERSION = YES;
				CLANG_WARN_OBJC_IMPLICIT_RETAIN_SELF = YES;
				CLANG_WARN_OBJC_LITERAL_CONVERSION = YES;
				CLANG_WARN_OBJC_ROOT_CLASS = YES_ERROR;
				CLANG_WARN_QUOTED_INCLUDE_IN_FRAMEWORK_HEADER = YES;
				CLANG_WARN_RANGE_LOOP_ANALYSIS = YES;
				CLANG_WARN_STRICT_PROTOTYPES = YES;
				CLANG_WARN_SUSPICIOUS_MOVE = YES;
				CLANG_WARN_UNGUARDED_AVAILABILITY = YES_AGGRESSIVE;
				CLANG_WARN_UNREACHABLE_CODE = YES;
				CLANG_WARN__DUPLICATE_METHOD_MATCH = YES;
				COPY_PHASE_STRIP = NO;
				DEBUG_INFORMATION_FORMAT = dwarf;
				ENABLE_STRICT_OBJC_MSGSEND = YES;
				ENABLE_TESTABILITY = YES;
				GCC_C_LANGUAGE_STANDARD = gnu11;
				GCC_DYNAMIC_NO_PIC = NO;
				GCC_NO_COMMON_BLOCKS = YES;
				GCC_OPTIMIZATION_LEVEL = 0;
				GCC_PREPROCESSOR_DEFINITIONS = (
					"DEBUG=1",
					"$(inherited)",
				);
				GCC_WARN_64_TO_32_BIT_CONVERSION = YES;
				GCC_WARN_ABOUT_RETURN_TYPE = YES_ERROR;
				GCC_WARN_UNDECLARED_SELECTOR = YES;
				GCC_WARN_UNINITIALIZED_AUTOS = YES_AGGRESSIVE;
				GCC_WARN_UNUSED_FUNCTION = YES;
				GCC_WARN_UNUSED_VARIABLE = YES;
				IPHONEOS_DEPLOYMENT_TARGET = 14.4;
				MTL_ENABLE_DEBUG_INFO = INCLUDE_SOURCE;
				MTL_FAST_MATH = YES;
				ONLY_ACTIVE_ARCH = YES;
				SDKROOT = iphoneos;
				SWIFT_ACTIVE_COMPILATION_CONDITIONS = DEBUG;
				SWIFT_OPTIMIZATION_LEVEL = "-Onone";
			};
			name = Debug;
		};
		445720AE25F53BCD0039DD79 /* Release */ = {
			isa = XCBuildConfiguration;
			buildSettings = {
				ALWAYS_SEARCH_USER_PATHS = NO;
				CLANG_ANALYZER_NONNULL = YES;
				CLANG_ANALYZER_NUMBER_OBJECT_CONVERSION = YES_AGGRESSIVE;
				CLANG_CXX_LANGUAGE_STANDARD = "gnu++14";
				CLANG_CXX_LIBRARY = "libc++";
				CLANG_ENABLE_MODULES = YES;
				CLANG_ENABLE_OBJC_ARC = YES;
				CLANG_ENABLE_OBJC_WEAK = YES;
				CLANG_WARN_BLOCK_CAPTURE_AUTORELEASING = YES;
				CLANG_WARN_BOOL_CONVERSION = YES;
				CLANG_WARN_COMMA = YES;
				CLANG_WARN_CONSTANT_CONVERSION = YES;
				CLANG_WARN_DEPRECATED_OBJC_IMPLEMENTATIONS = YES;
				CLANG_WARN_DIRECT_OBJC_ISA_USAGE = YES_ERROR;
				CLANG_WARN_DOCUMENTATION_COMMENTS = YES;
				CLANG_WARN_EMPTY_BODY = YES;
				CLANG_WARN_ENUM_CONVERSION = YES;
				CLANG_WARN_INFINITE_RECURSION = YES;
				CLANG_WARN_INT_CONVERSION = YES;
				CLANG_WARN_NON_LITERAL_NULL_CONVERSION = YES;
				CLANG_WARN_OBJC_IMPLICIT_RETAIN_SELF = YES;
				CLANG_WARN_OBJC_LITERAL_CONVERSION = YES;
				CLANG_WARN_OBJC_ROOT_CLASS = YES_ERROR;
				CLANG_WARN_QUOTED_INCLUDE_IN_FRAMEWORK_HEADER = YES;
				CLANG_WARN_RANGE_LOOP_ANALYSIS = YES;
				CLANG_WARN_STRICT_PROTOTYPES = YES;
				CLANG_WARN_SUSPICIOUS_MOVE = YES;
				CLANG_WARN_UNGUARDED_AVAILABILITY = YES_AGGRESSIVE;
				CLANG_WARN_UNREACHABLE_CODE = YES;
				CLANG_WARN__DUPLICATE_METHOD_MATCH = YES;
				COPY_PHASE_STRIP = NO;
				DEBUG_INFORMATION_FORMAT = "dwarf-with-dsym";
				ENABLE_NS_ASSERTIONS = NO;
				ENABLE_STRICT_OBJC_MSGSEND = YES;
				GCC_C_LANGUAGE_STANDARD = gnu11;
				GCC_NO_COMMON_BLOCKS = YES;
				GCC_WARN_64_TO_32_BIT_CONVERSION = YES;
				GCC_WARN_ABOUT_RETURN_TYPE = YES_ERROR;
				GCC_WARN_UNDECLARED_SELECTOR = YES;
				GCC_WARN_UNINITIALIZED_AUTOS = YES_AGGRESSIVE;
				GCC_WARN_UNUSED_FUNCTION = YES;
				GCC_WARN_UNUSED_VARIABLE = YES;
				IPHONEOS_DEPLOYMENT_TARGET = 14.4;
				MTL_ENABLE_DEBUG_INFO = NO;
				MTL_FAST_MATH = YES;
				SDKROOT = iphoneos;
				SWIFT_COMPILATION_MODE = wholemodule;
				SWIFT_OPTIMIZATION_LEVEL = "-O";
				VALIDATE_PRODUCT = YES;
			};
			name = Release;
		};
		445720B025F53BCD0039DD79 /* Debug */ = {
			isa = XCBuildConfiguration;
			baseConfigurationReference = C0B13413F926B86AD3750F1B /* Pods-SwiftUIToastManagerExample.debug.xcconfig */;
			buildSettings = {
				ASSETCATALOG_COMPILER_APPICON_NAME = AppIcon;
				ASSETCATALOG_COMPILER_GLOBAL_ACCENT_COLOR_NAME = AccentColor;
				CODE_SIGN_STYLE = Automatic;
				DEVELOPMENT_ASSET_PATHS = "\"SwiftUIToastManagerExample/Preview Content\"";
				DEVELOPMENT_TEAM = XP69FP6Q2K;
				ENABLE_PREVIEWS = YES;
				INFOPLIST_FILE = SwiftUIToastManagerExample/Info.plist;
				IPHONEOS_DEPLOYMENT_TARGET = 14.0;
				LD_RUNPATH_SEARCH_PATHS = (
					"$(inherited)",
					"@executable_path/Frameworks",
				);
				PRODUCT_BUNDLE_IDENTIFIER = LYT.SwiftUIToastManagerExample;
				PRODUCT_NAME = "$(TARGET_NAME)";
				SWIFT_VERSION = 5.0;
				TARGETED_DEVICE_FAMILY = "1,2";
			};
			name = Debug;
		};
		445720B125F53BCD0039DD79 /* Release */ = {
			isa = XCBuildConfiguration;
			baseConfigurationReference = 4644CE58A191030B2557E33F /* Pods-SwiftUIToastManagerExample.release.xcconfig */;
			buildSettings = {
				ASSETCATALOG_COMPILER_APPICON_NAME = AppIcon;
				ASSETCATALOG_COMPILER_GLOBAL_ACCENT_COLOR_NAME = AccentColor;
				CODE_SIGN_STYLE = Automatic;
				DEVELOPMENT_ASSET_PATHS = "\"SwiftUIToastManagerExample/Preview Content\"";
				DEVELOPMENT_TEAM = XP69FP6Q2K;
				ENABLE_PREVIEWS = YES;
				INFOPLIST_FILE = SwiftUIToastManagerExample/Info.plist;
				IPHONEOS_DEPLOYMENT_TARGET = 14.0;
				LD_RUNPATH_SEARCH_PATHS = (
					"$(inherited)",
					"@executable_path/Frameworks",
				);
				PRODUCT_BUNDLE_IDENTIFIER = LYT.SwiftUIToastManagerExample;
				PRODUCT_NAME = "$(TARGET_NAME)";
				SWIFT_VERSION = 5.0;
				TARGETED_DEVICE_FAMILY = "1,2";
			};
			name = Release;
		};
/* End XCBuildConfiguration section */

/* Begin XCConfigurationList section */
		4457209B25F53BCA0039DD79 /* Build configuration list for PBXProject "SwiftUIToastManagerExample" */ = {
			isa = XCConfigurationList;
			buildConfigurations = (
				445720AD25F53BCD0039DD79 /* Debug */,
				445720AE25F53BCD0039DD79 /* Release */,
			);
			defaultConfigurationIsVisible = 0;
			defaultConfigurationName = Release;
		};
		445720AF25F53BCD0039DD79 /* Build configuration list for PBXNativeTarget "SwiftUIToastManagerExample" */ = {
			isa = XCConfigurationList;
			buildConfigurations = (
				445720B025F53BCD0039DD79 /* Debug */,
				445720B125F53BCD0039DD79 /* Release */,
			);
			defaultConfigurationIsVisible = 0;
			defaultConfigurationName = Release;
		};
/* End XCConfigurationList section */
	};
	rootObject = 4457209825F53BCA0039DD79 /* Project object */;
}
